Microsoft Visual Studio Solution File, Format Version 12.00
# Visual Studio Version 17
VisualStudioVersion = 17.5.2.0
MinimumVisualStudioVersion = 10.0.40219.1
Project("{FAE04EC0-301F-11D3-BF4B-00C04F79EFBC}") = "MelMusic", "MelMusic.csproj", "{ADE5CAB2-4991-89AA-90CA-B9B0F36DF037}"
EndProject
Global
	GlobalSection(SolutionConfigurationPlatforms) = preSolution
		Debug|Any CPU = Debug|Any CPU
		Release|Any CPU = Release|Any CPU
	EndGlobalSection
	GlobalSection(ProjectConfigurationPlatforms) = postSolution
		{ADE5CAB2-4991-89AA-90CA-B9B0F36DF037}.Debug|Any CPU.ActiveCfg = Debug|Any CPU
		{ADE5CAB2-4991-89AA-90CA-B9B0F36DF037}.Debug|Any CPU.Build.0 = Debug|Any CPU
		{ADE5CAB2-4991-89AA-90CA-B9B0F36DF037}.Release|Any CPU.ActiveCfg = Release|Any CPU
		{ADE5CAB2-4991-89AA-90CA-B9B0F36DF037}.Release|Any CPU.Build.0 = Release|Any CPU
	EndGlobalSection
	GlobalSection(SolutionProperties) = preSolution
		HideSolutionNode = FALSE
	EndGlobalSection
	GlobalSection(ExtensibilityGlobals) = postSolution
		SolutionGuid = {143A2C17-D582-4B6E-9AB9-8A6F8E1EE3B7}
	EndGlobalSection
EndGlobal
